
Microsoft Visual Studio Solution File, Format Version 12.00
# Visual Studio Version 17
VisualStudioVersion = 17.13.35931.197 d17.13
MinimumVisualStudioVersion = 10.0.40219.1
Project("{FAE04EC0-301F-11D3-BF4B-00C04F79EFBC}") = "CryptoBeadando", "CryptoBeadando.csproj", "{2C4F0855-0D0B-4D2D-ABD2-027A767C0B42}"
EndProject
Global
	GlobalSection(SolutionConfigurationPlatforms) = preSolution
		Debug|Any CPU = Debug|Any CPU
		Release|Any CPU = Release|Any CPU
	EndGlobalSection
	GlobalSection(ProjectConfigurationPlatforms) = postSolution
		{2C4F0855-0D0B-4D2D-ABD2-027A767C0B42}.Debug|Any CPU.ActiveCfg = Debug|Any CPU
		{2C4F0855-0D0B-4D2D-ABD2-027A767C0B42}.Debug|Any CPU.Build.0 = Debug|Any CPU
		{2C4F0855-0D0B-4D2D-ABD2-027A767C0B42}.Release|Any CPU.ActiveCfg = Release|Any CPU
		{2C4F0855-0D0B-4D2D-ABD2-027A767C0B42}.Release|Any CPU.Build.0 = Release|Any CPU
	EndGlobalSection
	GlobalSection(SolutionProperties) = preSolution
		HideSolutionNode = FALSE
	EndGlobalSection
	GlobalSection(ExtensibilityGlobals) = postSolution
		SolutionGuid = {F3EE1A87-1FAE-48E2-B5FE-239B519C417F}
	EndGlobalSection
EndGlobal
